
Microsoft Visual Studio Solution File, Format Version 12.00
# Visual Studio Version 17
VisualStudioVersion = 17.2.32630.192
MinimumVisualStudioVersion = 10.0.40219.1
Project("{FAE04EC0-301F-11D3-BF4B-00C04F79EFBC}") = "Task1", "CollectionsFinalProject\Task1.csproj", "{E7EC6308-0B15-44E8-B3B8-9573AF1FC9BC}"
EndProject
Project("{FAE04EC0-301F-11D3-BF4B-00C04F79EFBC}") = "Task2", "Task2\Task2.csproj", "{215B7F20-BB57-461E-AE71-C89E755330C9}"
EndProject
Global
	GlobalSection(SolutionConfigurationPlatforms) = preSolution
		Debug|Any CPU = Debug|Any CPU
		Release|Any CPU = Release|Any CPU
	EndGlobalSection
	GlobalSection(ProjectConfigurationPlatforms) = postSolution
		{E7EC6308-0B15-44E8-B3B8-9573AF1FC9BC}.Debug|Any CPU.ActiveCfg = Debug|Any CPU
		{E7EC6308-0B15-44E8-B3B8-9573AF1FC9BC}.Debug|Any CPU.Build.0 = Debug|Any CPU
		{E7EC6308-0B15-44E8-B3B8-9573AF1FC9BC}.Release|Any CPU.ActiveCfg = Release|Any CPU
		{E7EC6308-0B15-44E8-B3B8-9573AF1FC9BC}.Release|Any CPU.Build.0 = Release|Any CPU
		{215B7F20-BB57-461E-AE71-C89E755330C9}.Debug|Any CPU.ActiveCfg = Debug|Any CPU
		{215B7F20-BB57-461E-AE71-C89E755330C9}.Debug|Any CPU.Build.0 = Debug|Any CPU
		{215B7F20-BB57-461E-AE71-C89E755330C9}.Release|Any CPU.ActiveCfg = Release|Any CPU
		{215B7F20-BB57-461E-AE71-C89E755330C9}.Release|Any CPU.Build.0 = Release|Any CPU
	EndGlobalSection
	GlobalSection(SolutionProperties) = preSolution
		HideSolutionNode = FALSE
	EndGlobalSection
	GlobalSection(ExtensibilityGlobals) = postSolution
		SolutionGuid = {7F207EF4-958A-48F8-BECD-3AA0B331D4EB}
	EndGlobalSection
EndGlobal
